PODS:
  - Alamofire (5.0.0-beta.7)

DEPENDENCIES:
  - Alamofire (~> 5.0.0-beta.5)

SPEC REPOS:
  https://github.com/cocoapods/specs.git:
    - Alamofire

SPEC CHECKSUMS:
  Alamofire: bd07938ceecad59d2492aeecb1f785a8f2721160

PODFILE CHECKSUM: aa1685df2ab5a4de9328081874e74808ba56ec3f

COCOAPODS: 1.7.2
